
Microsoft Visual Studio Solution File, Format Version 12.00
# Visual Studio Version 16
VisualStudioVersion = 16.0.30225.117
MinimumVisualStudioVersion = 10.0.40219.1
Project("{FAE04EC0-301F-11D3-BF4B-00C04F79EFBC}") = "ScreenshotCompressor", "ScreenshotCompressor\ScreenshotCompressor.csproj", "{A7CD5AEB-FB19-40E7-86B4-BD00625DA424}"
EndProject
Project("{2150E333-8FDC-42A3-9474-1A3956D46DE8}") = "Solution Items", "Solution Items", "{4ED6B2AF-4DDE-47D9-892E-021CAEB98C0A}"
	ProjectSection(SolutionItems) = preProject
		.editorconfig = .editorconfig
	EndProjectSection
EndProject
Global
	GlobalSection(SolutionConfigurationPlatforms) = preSolution
		Debug|x64 = Debug|x64
		Release|x64 = Release|x64
	EndGlobalSection
	GlobalSection(ProjectConfigurationPlatforms) = postSolution
		{A7CD5AEB-FB19-40E7-86B4-BD00625DA424}.Debug|x64.ActiveCfg = Debug|x64
		{A7CD5AEB-FB19-40E7-86B4-BD00625DA424}.Debug|x64.Build.0 = Debug|x64
		{A7CD5AEB-FB19-40E7-86B4-BD00625DA424}.Release|x64.ActiveCfg = Release|x64
		{A7CD5AEB-FB19-40E7-86B4-BD00625DA424}.Release|x64.Build.0 = Release|x64
	EndGlobalSection
	GlobalSection(SolutionProperties) = preSolution
		HideSolutionNode = FALSE
	EndGlobalSection
	GlobalSection(ExtensibilityGlobals) = postSolution
		SolutionGuid = {F5AFBEFA-0904-455B-A810-B3FCAF28BA39}
	EndGlobalSection
EndGlobal
